// !$*UTF8*$!
{
	archiveVersion = 1;
	classes = {
	};
	objectVersion = 56;
	objects = {

/* Begin PBXBuildFile section */
		3D5143932C11BEE100C9A3F0 /* AppDelegate.swift in Sources */ = {isa = PBXBuildFile; fileRef = 3D5143922C11BEE100C9A3F0 /* AppDelegate.swift */; };
		3D5143952C11BEE100C9A3F0 /* SceneDelegate.swift in Sources */ = {isa = PBXBuildFile; fileRef = 3D5143942C11BEE100C9A3F0 /* SceneDelegate.swift */; };
		3D51439C2C11BEE200C9A3F0 /* Assets.xcassets in Resources */ = {isa = PBXBuildFile; fileRef = 3D51439B2C11BEE200C9A3F0 /* Assets.xcassets */; };
		3D51439F2C11BEE200C9A3F0 /* LaunchScreen.storyboard in Resources */ = {isa = PBXBuildFile; fileRef = 3D51439D2C11BEE200C9A3F0 /* LaunchScreen.storyboard */; };
		3D5143A72C11C08700C9A3F0 /* CameraViewController.swift in Sources */ = {isa = PBXBuildFile; fileRef = 3D5143A62C11C08700C9A3F0 /* CameraViewController.swift */; };
		3D5143B02C11C96E00C9A3F0 /* CameraView.swift in Sources */ = {isa = PBXBuildFile; fileRef = 3D5143AF2C11C96E00C9A3F0 /* CameraView.swift */; };
		3D5143B72C17265D00C9A3F0 /* ScanningView.swift in Sources */ = {isa = PBXBuildFile; fileRef = 3D5143B62C17265D00C9A3F0 /* ScanningView.swift */; };
		3D5143B92C1726C800C9A3F0 /* ScanningViewController.swift in Sources */ = {isa = PBXBuildFile; fileRef = 3D5143B82C1726C800C9A3F0 /* ScanningViewController.swift */; };
		3D5143BB2C173FCD00C9A3F0 /* ScanOptions.swift in Sources */ = {isa = PBXBuildFile; fileRef = 3D5143BA2C173FCD00C9A3F0 /* ScanOptions.swift */; };
		3D5143BD2C173FE600C9A3F0 /* CameraViewModel.swift in Sources */ = {isa = PBXBuildFile; fileRef = 3D5143BC2C173FE600C9A3F0 /* CameraViewModel.swift */; };
/* End PBXBuildFile section */

/* Begin PBXFileReference section */
		3D51438F2C11BEE100C9A3F0 /* Math-AI.app */ = {isa = PBXFileReference; explicitFileType = wrapper.application; includeInIndex = 0; path = "Math-AI.app"; sourceTree = BUILT_PRODUCTS_DIR; };
		3D5143922C11BEE100C9A3F0 /* AppDelegate.swift */ = {isa = PBXFileReference; lastKnownFileType = sourcecode.swift; path = AppDelegate.swift; sourceTree = "<group>"; };
		3D5143942C11BEE100C9A3F0 /* SceneDelegate.swift */ = {isa = PBXFileReference; lastKnownFileType = sourcecode.swift; path = SceneDelegate.swift; sourceTree = "<group>"; };
		3D51439B2C11BEE200C9A3F0 /* Assets.xcassets */ = {isa = PBXFileReference; lastKnownFileType = folder.assetcatalog; path = Assets.xcassets; sourceTree = "<group>"; };
		3D51439E2C11BEE200C9A3F0 /* Base */ = {isa = PBXFileReference; lastKnownFileType = file.storyboard; name = Base; path = Base.lproj/LaunchScreen.storyboard; sourceTree = "<group>"; };
		3D5143A02C11BEE200C9A3F0 /* Info.plist */ = {isa = PBXFileReference; lastKnownFileType = text.plist.xml; path = Info.plist; sourceTree = "<group>"; };
		3D5143A62C11C08700C9A3F0 /* CameraViewController.swift */ = {isa = PBXFileReference; lastKnownFileType = sourcecode.swift; path = CameraViewController.swift; sourceTree = "<group>"; };
		3D5143AF2C11C96E00C9A3F0 /* CameraView.swift */ = {isa = PBXFileReference; lastKnownFileType = sourcecode.swift; path = CameraView.swift; sourceTree = "<group>"; };
		3D5143B62C17265D00C9A3F0 /* ScanningView.swift */ = {isa = PBXFileReference; lastKnownFileType = sourcecode.swift; path = ScanningView.swift; sourceTree = "<group>"; };
		3D5143B82C1726C800C9A3F0 /* ScanningViewController.swift */ = {isa = PBXFileReference; lastKnownFileType = sourcecode.swift; path = ScanningViewController.swift; sourceTree = "<group>"; };
		3D5143BA2C173FCD00C9A3F0 /* ScanOptions.swift */ = {isa = PBXFileReference; lastKnownFileType = sourcecode.swift; path = ScanOptions.swift; sourceTree = "<group>"; };
		3D5143BC2C173FE600C9A3F0 /* CameraViewModel.swift */ = {isa = PBXFileReference; lastKnownFileType = sourcecode.swift; path = CameraViewModel.swift; sourceTree = "<group>"; };
/* End PBXFileReference section */

/* Begin PBXFrameworksBuildPhase section */
		3D51438C2C11BEE100C9A3F0 /* Frameworks */ = {
			isa = PBXFrameworksBuildPhase;
			buildActionMask = 2147483647;
			files = (
			);
			runOnlyForDeploymentPostprocessing = 0;
		};
/* End PBXFrameworksBuildPhase section */

/* Begin PBXGroup section */
		3D5143862C11BEE100C9A3F0 = {
			isa = PBXGroup;
			children = (
				3D5143912C11BEE100C9A3F0 /* Math-AI */,
				3D5143902C11BEE100C9A3F0 /* Products */,
			);
			sourceTree = "<group>";
		};
		3D5143902C11BEE100C9A3F0 /* Products */ = {
			isa = PBXGroup;
			children = (
				3D51438F2C11BEE100C9A3F0 /* Math-AI.app */,
			);
			name = Products;
			sourceTree = "<group>";
		};
		3D5143912C11BEE100C9A3F0 /* Math-AI */ = {
			isa = PBXGroup;
			children = (
				3D5143A92C11C91700C9A3F0 /* Scenes */,
				3D5143A82C11C91000C9A3F0 /* App */,
			);
			path = "Math-AI";
			sourceTree = "<group>";
		};
		3D5143A82C11C91000C9A3F0 /* App */ = {
			isa = PBXGroup;
			children = (
				3D5143922C11BEE100C9A3F0 /* AppDelegate.swift */,
				3D5143942C11BEE100C9A3F0 /* SceneDelegate.swift */,
				3D51439B2C11BEE200C9A3F0 /* Assets.xcassets */,
				3D51439D2C11BEE200C9A3F0 /* LaunchScreen.storyboard */,
				3D5143A02C11BEE200C9A3F0 /* Info.plist */,
			);
			path = App;
			sourceTree = "<group>";
		};
		3D5143A92C11C91700C9A3F0 /* Scenes */ = {
			isa = PBXGroup;
			children = (
				3D5143B12C17260A00C9A3F0 /* Scanning */,
				3D5143AA2C11C91E00C9A3F0 /* Camera */,
			);
			path = Scenes;
			sourceTree = "<group>";
		};
		3D5143AA2C11C91E00C9A3F0 /* Camera */ = {
			isa = PBXGroup;
			children = (
				3D5143AE2C11C95E00C9A3F0 /* ViewModel */,
				3D5143AD2C11C95900C9A3F0 /* Model */,
				3D5143AC2C11C95100C9A3F0 /* ViewController */,
				3D5143AB2C11C94C00C9A3F0 /* View */,
			);
			path = Camera;
			sourceTree = "<group>";
		};
		3D5143AB2C11C94C00C9A3F0 /* View */ = {
			isa = PBXGroup;
			children = (
				3D5143AF2C11C96E00C9A3F0 /* CameraView.swift */,
			);
			path = View;
			sourceTree = "<group>";
		};
		3D5143AC2C11C95100C9A3F0 /* ViewController */ = {
			isa = PBXGroup;
			children = (
				3D5143A62C11C08700C9A3F0 /* CameraViewController.swift */,
			);
			path = ViewController;
			sourceTree = "<group>";
		};
		3D5143AD2C11C95900C9A3F0 /* Model */ = {
			isa = PBXGroup;
			children = (
				3D5143BA2C173FCD00C9A3F0 /* ScanOptions.swift */,
			);
			path = Model;
			sourceTree = "<group>";
		};
		3D5143AE2C11C95E00C9A3F0 /* ViewModel */ = {
			isa = PBXGroup;
			children = (
				3D5143BC2C173FE600C9A3F0 /* CameraViewModel.swift */,
			);
			path = ViewModel;
			sourceTree = "<group>";
		};
		3D5143B12C17260A00C9A3F0 /* Scanning */ = {
			isa = PBXGroup;
			children = (
				3D5143B52C17263600C9A3F0 /* Model */,
				3D5143B42C17262F00C9A3F0 /* ViewController */,
				3D5143B32C17262600C9A3F0 /* ViewModel */,
				3D5143B22C17261700C9A3F0 /* View */,
			);
			path = Scanning;
			sourceTree = "<group>";
		};
		3D5143B22C17261700C9A3F0 /* View */ = {
			isa = PBXGroup;
			children = (
				3D5143B62C17265D00C9A3F0 /* ScanningView.swift */,
			);
			path = View;
			sourceTree = "<group>";
		};
		3D5143B32C17262600C9A3F0 /* ViewModel */ = {
			isa = PBXGroup;
			children = (
			);
			path = ViewModel;
			sourceTree = "<group>";
		};
		3D5143B42C17262F00C9A3F0 /* ViewController */ = {
			isa = PBXGroup;
			children = (
				3D5143B82C1726C800C9A3F0 /* ScanningViewController.swift */,
			);
			path = ViewController;
			sourceTree = "<group>";
		};
		3D5143B52C17263600C9A3F0 /* Model */ = {
			isa = PBXGroup;
			children = (
			);
			path = Model;
			sourceTree = "<group>";
		};
/* End PBXGroup section */

/* Begin PBXNativeTarget section */
		3D51438E2C11BEE100C9A3F0 /* Math-AI */ = {
			isa = PBXNativeTarget;
			buildConfigurationList = 3D5143A32C11BEE200C9A3F0 /* Build configuration list for PBXNativeTarget "Math-AI" */;
			buildPhases = (
				3D51438B2C11BEE100C9A3F0 /* Sources */,
				3D51438C2C11BEE100C9A3F0 /* Frameworks */,
				3D51438D2C11BEE100C9A3F0 /* Resources */,
			);
			buildRules = (
			);
			dependencies = (
			);
			name = "Math-AI";
			productName = "Math-AI";
			productReference = 3D51438F2C11BEE100C9A3F0 /* Math-AI.app */;
			productType = "com.apple.product-type.application";
		};
/* End PBXNativeTarget section */

/* Begin PBXProject section */
		3D5143872C11BEE100C9A3F0 /* Project object */ = {
			isa = PBXProject;
			attributes = {
				BuildIndependentTargetsInParallel = 1;
				LastSwiftUpdateCheck = 1500;
				LastUpgradeCheck = 1500;
				TargetAttributes = {
					3D51438E2C11BEE100C9A3F0 = {
						CreatedOnToolsVersion = 15.0.1;
					};
				};
			};
			buildConfigurationList = 3D51438A2C11BEE100C9A3F0 /* Build configuration list for PBXProject "Math-AI" */;
			compatibilityVersion = "Xcode 14.0";
			developmentRegion = en;
			hasScannedForEncodings = 0;
			knownRegions = (
				en,
				Base,
			);
			mainGroup = 3D5143862C11BEE100C9A3F0;
			productRefGroup = 3D5143902C11BEE100C9A3F0 /* Products */;
			projectDirPath = "";
			projectRoot = "";
			targets = (
				3D51438E2C11BEE100C9A3F0 /* Math-AI */,
			);
		};
/* End PBXProject section */

/* Begin PBXResourcesBuildPhase section */
		3D51438D2C11BEE100C9A3F0 /* Resources */ = {
			isa = PBXResourcesBuildPhase;
			buildActionMask = 2147483647;
			files = (
				3D51439F2C11BEE200C9A3F0 /* LaunchScreen.storyboard in Resources */,
				3D51439C2C11BEE200C9A3F0 /* Assets.xcassets in Resources */,
			);
			runOnlyForDeploymentPostprocessing = 0;
		};
/* End PBXResourcesBuildPhase section */

/* Begin PBXSourcesBuildPhase section */
		3D51438B2C11BEE100C9A3F0 /* Sources */ = {
			isa = PBXSourcesBuildPhase;
			buildActionMask = 2147483647;
			files = (
				3D5143B72C17265D00C9A3F0 /* ScanningView.swift in Sources */,
				3D5143B92C1726C800C9A3F0 /* ScanningViewController.swift in Sources */,
				3D5143BB2C173FCD00C9A3F0 /* ScanOptions.swift in Sources */,
				3D5143932C11BEE100C9A3F0 /* AppDelegate.swift in Sources */,
				3D5143952C11BEE100C9A3F0 /* SceneDelegate.swift in Sources */,
				3D5143BD2C173FE600C9A3F0 /* CameraViewModel.swift in Sources */,
				3D5143A72C11C08700C9A3F0 /* CameraViewController.swift in Sources */,
				3D5143B02C11C96E00C9A3F0 /* CameraView.swift in Sources */,
			);
			runOnlyForDeploymentPostprocessing = 0;
		};
/* End PBXSourcesBuildPhase section */

/* Begin PBXVariantGroup section */
		3D51439D2C11BEE200C9A3F0 /* LaunchScreen.storyboard */ = {
			isa = PBXVariantGroup;
			children = (
				3D51439E2C11BEE200C9A3F0 /* Base */,
			);
			name = LaunchScreen.storyboard;
			sourceTree = "<group>";
		};
/* End PBXVariantGroup section */

/* Begin XCBuildConfiguration section */
		3D5143A12C11BEE200C9A3F0 /* Debug */ = {
			isa = XCBuildConfiguration;
			buildSettings = {
				ALWAYS_SEARCH_USER_PATHS = NO;
				ASSETCATALOG_COMPILER_GENERATE_SWIFT_ASSET_SYMBOL_EXTENSIONS = YES;
				CLANG_ANALYZER_NONNULL = YES;
				CLANG_ANALYZER_NUMBER_OBJECT_CONVERSION = YES_AGGRESSIVE;
				CLANG_CXX_LANGUAGE_STANDARD = "gnu++20";
				CLANG_ENABLE_MODULES = YES;
				CLANG_ENABLE_OBJC_ARC = YES;
				CLANG_ENABLE_OBJC_WEAK = YES;
				CLANG_WARN_BLOCK_CAPTURE_AUTORELEASING = YES;
				CLANG_WARN_BOOL_CONVERSION = YES;
				CLANG_WARN_COMMA = YES;
				CLANG_WARN_CONSTANT_CONVERSION = YES;
				CLANG_WARN_DEPRECATED_OBJC_IMPLEMENTATIONS = YES;
				CLANG_WARN_DIRECT_OBJC_ISA_USAGE = YES_ERROR;
				CLANG_WARN_DOCUMENTATION_COMMENTS = YES;
				CLANG_WARN_EMPTY_BODY = YES;
				CLANG_WARN_ENUM_CONVERSION = YES;
				CLANG_WARN_INFINITE_RECURSION = YES;
				CLANG_WARN_INT_CONVERSION = YES;
				CLANG_WARN_NON_LITERAL_NULL_CONVERSION = YES;
				CLANG_WARN_OBJC_IMPLICIT_RETAIN_SELF = YES;
				CLANG_WARN_OBJC_LITERAL_CONVERSION = YES;
				CLANG_WARN_OBJC_ROOT_CLASS = YES_ERROR;
				CLANG_WARN_QUOTED_INCLUDE_IN_FRAMEWORK_HEADER = YES;
				CLANG_WARN_RANGE_LOOP_ANALYSIS = YES;
				CLANG_WARN_STRICT_PROTOTYPES = YES;
				CLANG_WARN_SUSPICIOUS_MOVE = YES;
				CLANG_WARN_UNGUARDED_AVAILABILITY = YES_AGGRESSIVE;
				CLANG_WARN_UNREACHABLE_CODE = YES;
				CLANG_WARN__DUPLICATE_METHOD_MATCH = YES;
				COPY_PHASE_STRIP = NO;
				DEBUG_INFORMATION_FORMAT = dwarf;
				ENABLE_STRICT_OBJC_MSGSEND = YES;
				ENABLE_TESTABILITY = YES;
				ENABLE_USER_SCRIPT_SANDBOXING = YES;
				GCC_C_LANGUAGE_STANDARD = gnu17;
				GCC_DYNAMIC_NO_PIC = NO;
				GCC_NO_COMMON_BLOCKS = YES;
				GCC_OPTIMIZATION_LEVEL = 0;
				GCC_PREPROCESSOR_DEFINITIONS = (
					"DEBUG=1",
					"$(inherited)",
				);
				GCC_WARN_64_TO_32_BIT_CONVERSION = YES;
				GCC_WARN_ABOUT_RETURN_TYPE = YES_ERROR;
				GCC_WARN_UNDECLARED_SELECTOR = YES;
				GCC_WARN_UNINITIALIZED_AUTOS = YES_AGGRESSIVE;
				GCC_WARN_UNUSED_FUNCTION = YES;
				GCC_WARN_UNUSED_VARIABLE = YES;
				IPHONEOS_DEPLOYMENT_TARGET = 17.0;
				LOCALIZATION_PREFERS_STRING_CATALOGS = YES;
				MTL_ENABLE_DEBUG_INFO = INCLUDE_SOURCE;
				MTL_FAST_MATH = YES;
				ONLY_ACTIVE_ARCH = YES;
				SDKROOT = iphoneos;
				SWIFT_ACTIVE_COMPILATION_CONDITIONS = "DEBUG $(inherited)";
				SWIFT_OPTIMIZATION_LEVEL = "-Onone";
			};
			name = Debug;
		};
		3D5143A22C11BEE200C9A3F0 /* Release */ = {
			isa = XCBuildConfiguration;
			buildSettings = {
				ALWAYS_SEARCH_USER_PATHS = NO;
				ASSETCATALOG_COMPILER_GENERATE_SWIFT_ASSET_SYMBOL_EXTENSIONS = YES;
				CLANG_ANALYZER_NONNULL = YES;
				CLANG_ANALYZER_NUMBER_OBJECT_CONVERSION = YES_AGGRESSIVE;
				CLANG_CXX_LANGUAGE_STANDARD = "gnu++20";
				CLANG_ENABLE_MODULES = YES;
				CLANG_ENABLE_OBJC_ARC = YES;
				CLANG_ENABLE_OBJC_WEAK = YES;
				CLANG_WARN_BLOCK_CAPTURE_AUTORELEASING = YES;
				CLANG_WARN_BOOL_CONVERSION = YES;
				CLANG_WARN_COMMA = YES;
				CLANG_WARN_CONSTANT_CONVERSION = YES;
				CLANG_WARN_DEPRECATED_OBJC_IMPLEMENTATIONS = YES;
				CLANG_WARN_DIRECT_OBJC_ISA_USAGE = YES_ERROR;
				CLANG_WARN_DOCUMENTATION_COMMENTS = YES;
				CLANG_WARN_EMPTY_BODY = YES;
				CLANG_WARN_ENUM_CONVERSION = YES;
				CLANG_WARN_INFINITE_RECURSION = YES;
				CLANG_WARN_INT_CONVERSION = YES;
				CLANG_WARN_NON_LITERAL_NULL_CONVERSION = YES;
				CLANG_WARN_OBJC_IMPLICIT_RETAIN_SELF = YES;
				CLANG_WARN_OBJC_LITERAL_CONVERSION = YES;
				CLANG_WARN_OBJC_ROOT_CLASS = YES_ERROR;
				CLANG_WARN_QUOTED_INCLUDE_IN_FRAMEWORK_HEADER = YES;
				CLANG_WARN_RANGE_LOOP_ANALYSIS = YES;
				CLANG_WARN_STRICT_PROTOTYPES = YES;
				CLANG_WARN_SUSPICIOUS_MOVE = YES;
				CLANG_WARN_UNGUARDED_AVAILABILITY = YES_AGGRESSIVE;
				CLANG_WARN_UNREACHABLE_CODE = YES;
				CLANG_WARN__DUPLICATE_METHOD_MATCH = YES;
				COPY_PHASE_STRIP = NO;
				DEBUG_INFORMATION_FORMAT = "dwarf-with-dsym";
				ENABLE_NS_ASSERTIONS = NO;
				ENABLE_STRICT_OBJC_MSGSEND = YES;
				ENABLE_USER_SCRIPT_SANDBOXING = YES;
				GCC_C_LANGUAGE_STANDARD = gnu17;
				GCC_NO_COMMON_BLOCKS = YES;
				GCC_WARN_64_TO_32_BIT_CONVERSION = YES;
				GCC_WARN_ABOUT_RETURN_TYPE = YES_ERROR;
				GCC_WARN_UNDECLARED_SELECTOR = YES;
				GCC_WARN_UNINITIALIZED_AUTOS = YES_AGGRESSIVE;
				GCC_WARN_UNUSED_FUNCTION = YES;
				GCC_WARN_UNUSED_VARIABLE = YES;
				IPHONEOS_DEPLOYMENT_TARGET = 17.0;
				LOCALIZATION_PREFERS_STRING_CATALOGS = YES;
				MTL_ENABLE_DEBUG_INFO = NO;
				MTL_FAST_MATH = YES;
				SDKROOT = iphoneos;
				SWIFT_COMPILATION_MODE = wholemodule;
				VALIDATE_PRODUCT = YES;
			};
			name = Release;
		};
		3D5143A42C11BEE200C9A3F0 /* Debug */ = {
			isa = XCBuildConfiguration;
			buildSettings = {
				ASSETCATALOG_COMPILER_APPICON_NAME = AppIcon;
				ASSETCATALOG_COMPILER_GLOBAL_ACCENT_COLOR_NAME = AccentColor;
				CODE_SIGN_STYLE = Automatic;
				CURRENT_PROJECT_VERSION = 1;
				DEVELOPMENT_TEAM = 628PNWMZP5;
				GENERATE_INFOPLIST_FILE = YES;
				INFOPLIST_FILE = "Math-AI/App/Info.plist";
				INFOPLIST_KEY_UIApplicationSupportsIndirectInputEvents = YES;
				INFOPLIST_KEY_UILaunchStoryboardName = LaunchScreen;
				INFOPLIST_KEY_UISupportedInterfaceOrientations_iPad = "UIInterfaceOrientationPortrait UIInterfaceOrientationPortraitUpsideDown UIInterfaceOrientationLandscapeLeft UIInterfaceOrientationLandscapeRight";
				INFOPLIST_KEY_UISupportedInterfaceOrientations_iPhone = "UIInterfaceOrientationPortrait UIInterfaceOrientationLandscapeLeft UIInterfaceOrientationLandscapeRight";
				IPHONEOS_DEPLOYMENT_TARGET = 15.0;
				LD_RUNPATH_SEARCH_PATHS = (
					"$(inherited)",
					"@executable_path/Frameworks",
				);
				MARKETING_VERSION = 1.0;
				PRODUCT_BUNDLE_IDENTIFIER = "com.alkanfatih.Math-AI";
				PRODUCT_NAME = "$(TARGET_NAME)";
				SWIFT_EMIT_LOC_STRINGS = YES;
				SWIFT_VERSION = 5.0;
				TARGETED_DEVICE_FAMILY = "1,2";
			};
			name = Debug;
		};
		3D5143A52C11BEE200C9A3F0 /* Release */ = {
			isa = XCBuildConfiguration;
			buildSettings = {
				ASSETCATALOG_COMPILER_APPICON_NAME = AppIcon;
				ASSETCATALOG_COMPILER_GLOBAL_ACCENT_COLOR_NAME = AccentColor;
				CODE_SIGN_STYLE = Automatic;
				CURRENT_PROJECT_VERSION = 1;
				DEVELOPMENT_TEAM = 628PNWMZP5;
				GENERATE_INFOPLIST_FILE = YES;
				INFOPLIST_FILE = "Math-AI/App/Info.plist";
				INFOPLIST_KEY_UIApplicationSupportsIndirectInputEvents = YES;
				INFOPLIST_KEY_UILaunchStoryboardName = LaunchScreen;
				INFOPLIST_KEY_UISupportedInterfaceOrientations_iPad = "UIInterfaceOrientationPortrait UIInterfaceOrientationPortraitUpsideDown UIInterfaceOrientationLandscapeLeft UIInterfaceOrientationLandscapeRight";
				INFOPLIST_KEY_UISupportedInterfaceOrientations_iPhone = "UIInterfaceOrientationPortrait UIInterfaceOrientationLandscapeLeft UIInterfaceOrientationLandscapeRight";
				IPHONEOS_DEPLOYMENT_TARGET = 15.0;
				LD_RUNPATH_SEARCH_PATHS = (
					"$(inherited)",
					"@executable_path/Frameworks",
				);
				MARKETING_VERSION = 1.0;
				PRODUCT_BUNDLE_IDENTIFIER = "com.alkanfatih.Math-AI";
				PRODUCT_NAME = "$(TARGET_NAME)";
				SWIFT_EMIT_LOC_STRINGS = YES;
				SWIFT_VERSION = 5.0;
				TARGETED_DEVICE_FAMILY = "1,2";
			};
			name = Release;
		};
/* End XCBuildConfiguration section */

/* Begin XCConfigurationList section */
		3D51438A2C11BEE100C9A3F0 /* Build configuration list for PBXProject "Math-AI" */ = {
			isa = XCConfigurationList;
			buildConfigurations = (
				3D5143A12C11BEE200C9A3F0 /* Debug */,
				3D5143A22C11BEE200C9A3F0 /* Release */,
			);
			defaultConfigurationIsVisible = 0;
			defaultConfigurationName = Release;
		};
		3D5143A32C11BEE200C9A3F0 /* Build configuration list for PBXNativeTarget "Math-AI" */ = {
			isa = XCConfigurationList;
			buildConfigurations = (
				3D5143A42C11BEE200C9A3F0 /* Debug */,
				3D5143A52C11BEE200C9A3F0 /* Release */,
			);
			defaultConfigurationIsVisible = 0;
			defaultConfigurationName = Release;
		};
/* End XCConfigurationList section */
	};
	rootObject = 3D5143872C11BEE100C9A3F0 /* Project object */;
}
