// !$*UTF8*$!
{
	archiveVersion = 1;
	classes = {
	};
	objectVersion = 56;
	objects = {

/* Begin PBXBuildFile section */
		3D3B84EE2C17CB23002AC3C2 /* LanguagesViewController.swift in Sources */ = {isa = PBXBuildFile; fileRef = 3D3B84ED2C17CB23002AC3C2 /* LanguagesViewController.swift */; };
		3D3B84F52C186677002AC3C2 /* LanguagesView.swift in Sources */ = {isa = PBXBuildFile; fileRef = 3D3B84F42C186677002AC3C2 /* LanguagesView.swift */; };
		3D3B84F72C186777002AC3C2 /* LanguagesModel.swift in Sources */ = {isa = PBXBuildFile; fileRef = 3D3B84F62C186777002AC3C2 /* LanguagesModel.swift */; };
		3D3B84F92C18679F002AC3C2 /* LanguagesViewModel.swift in Sources */ = {isa = PBXBuildFile; fileRef = 3D3B84F82C18679F002AC3C2 /* LanguagesViewModel.swift */; };
		3D3B84FD2C1873AD002AC3C2 /* LanguagesCollectionViewCell.swift in Sources */ = {isa = PBXBuildFile; fileRef = 3D3B84FC2C1873AD002AC3C2 /* LanguagesCollectionViewCell.swift */; };
		3D3B85002C18B397002AC3C2 /* CropViewController in Frameworks */ = {isa = PBXBuildFile; productRef = 3D3B84FF2C18B397002AC3C2 /* CropViewController */; };
		3D3B85032C190905002AC3C2 /* TabbarController.swift in Sources */ = {isa = PBXBuildFile; fileRef = 3D3B85022C190905002AC3C2 /* TabbarController.swift */; };
		3D3B85092C1B466B002AC3C2 /* ChatResponseModel.swift in Sources */ = {isa = PBXBuildFile; fileRef = 3D3B85082C1B466B002AC3C2 /* ChatResponseModel.swift */; };
		3D3B850C2C1B4692002AC3C2 /* Alamofire in Frameworks */ = {isa = PBXBuildFile; productRef = 3D3B850B2C1B4692002AC3C2 /* Alamofire */; };
		3D3B850F2C1B4835002AC3C2 /* ChatRequestBody.swift in Sources */ = {isa = PBXBuildFile; fileRef = 3D3B850E2C1B4835002AC3C2 /* ChatRequestBody.swift */; };
		3D3B85152C1B48EB002AC3C2 /* NetworkConstants.swift in Sources */ = {isa = PBXBuildFile; fileRef = 3D3B85142C1B48EB002AC3C2 /* NetworkConstants.swift */; };
		3D3B85172C1B56D3002AC3C2 /* NetworkService.swift in Sources */ = {isa = PBXBuildFile; fileRef = 3D3B85162C1B56D3002AC3C2 /* NetworkService.swift */; };
		3D3B851E2C1B6676002AC3C2 /* TopicsView.swift in Sources */ = {isa = PBXBuildFile; fileRef = 3D3B851D2C1B6676002AC3C2 /* TopicsView.swift */; };
		3D3B85202C1B668F002AC3C2 /* TopicsViewController.swift in Sources */ = {isa = PBXBuildFile; fileRef = 3D3B851F2C1B668F002AC3C2 /* TopicsViewController.swift */; };
		3D3B85242C1B6908002AC3C2 /* TopicsViewModel.swift in Sources */ = {isa = PBXBuildFile; fileRef = 3D3B85232C1B6908002AC3C2 /* TopicsViewModel.swift */; };
		3D3B85262C1B691D002AC3C2 /* TopicsModel.swift in Sources */ = {isa = PBXBuildFile; fileRef = 3D3B85252C1B691D002AC3C2 /* TopicsModel.swift */; };
		3D3B852A2C1B6D6F002AC3C2 /* TopicsTableViewCell.swift in Sources */ = {isa = PBXBuildFile; fileRef = 3D3B85292C1B6D6F002AC3C2 /* TopicsTableViewCell.swift */; };
		3D5143932C11BEE100C9A3F0 /* AppDelegate.swift in Sources */ = {isa = PBXBuildFile; fileRef = 3D5143922C11BEE100C9A3F0 /* AppDelegate.swift */; };
		3D5143952C11BEE100C9A3F0 /* SceneDelegate.swift in Sources */ = {isa = PBXBuildFile; fileRef = 3D5143942C11BEE100C9A3F0 /* SceneDelegate.swift */; };
		3D51439C2C11BEE200C9A3F0 /* Assets.xcassets in Resources */ = {isa = PBXBuildFile; fileRef = 3D51439B2C11BEE200C9A3F0 /* Assets.xcassets */; };
		3D51439F2C11BEE200C9A3F0 /* LaunchScreen.storyboard in Resources */ = {isa = PBXBuildFile; fileRef = 3D51439D2C11BEE200C9A3F0 /* LaunchScreen.storyboard */; };
		3D5143A72C11C08700C9A3F0 /* CameraViewController.swift in Sources */ = {isa = PBXBuildFile; fileRef = 3D5143A62C11C08700C9A3F0 /* CameraViewController.swift */; };
		3D5143B02C11C96E00C9A3F0 /* CameraView.swift in Sources */ = {isa = PBXBuildFile; fileRef = 3D5143AF2C11C96E00C9A3F0 /* CameraView.swift */; };
		3D5143B72C17265D00C9A3F0 /* ScanningView.swift in Sources */ = {isa = PBXBuildFile; fileRef = 3D5143B62C17265D00C9A3F0 /* ScanningView.swift */; };
		3D5143B92C1726C800C9A3F0 /* ScanningViewController.swift in Sources */ = {isa = PBXBuildFile; fileRef = 3D5143B82C1726C800C9A3F0 /* ScanningViewController.swift */; };
		3D5143BB2C173FCD00C9A3F0 /* ScanOptions.swift in Sources */ = {isa = PBXBuildFile; fileRef = 3D5143BA2C173FCD00C9A3F0 /* ScanOptions.swift */; };
		3D5143BD2C173FE600C9A3F0 /* CameraViewModel.swift in Sources */ = {isa = PBXBuildFile; fileRef = 3D5143BC2C173FE600C9A3F0 /* CameraViewModel.swift */; };
		3DF7D4E32C1C493500C950AD /* TableViewHeaderView.swift in Sources */ = {isa = PBXBuildFile; fileRef = 3DF7D4E22C1C493500C950AD /* TableViewHeaderView.swift */; };
		3DF7D4E72C20593600C950AD /* TableHeaderViewCell.swift in Sources */ = {isa = PBXBuildFile; fileRef = 3DF7D4E62C20593600C950AD /* TableHeaderViewCell.swift */; };
		3DF7D4F12C2073A500C950AD /* CoreDataModel.swift in Sources */ = {isa = PBXBuildFile; fileRef = 3DF7D4F02C2073A500C950AD /* CoreDataModel.swift */; };
		3DF7D4F42C207DC700C950AD /* FavoriteTopicsDataModel.xcdatamodeld in Sources */ = {isa = PBXBuildFile; fileRef = 3DF7D4F22C207DC700C950AD /* FavoriteTopicsDataModel.xcdatamodeld */; };
		3DF7D4F72C207E0C00C950AD /* SubjectTopics+CoreDataClass.swift in Sources */ = {isa = PBXBuildFile; fileRef = 3DF7D4F52C207E0C00C950AD /* SubjectTopics+CoreDataClass.swift */; };
		3DF7D4F82C207E0C00C950AD /* SubjectTopics+CoreDataProperties.swift in Sources */ = {isa = PBXBuildFile; fileRef = 3DF7D4F62C207E0C00C950AD /* SubjectTopics+CoreDataProperties.swift */; };
		3DF7D5022C21AEBD00C950AD /* AskSubjectViewController.swift in Sources */ = {isa = PBXBuildFile; fileRef = 3DF7D5012C21AEBD00C950AD /* AskSubjectViewController.swift */; };
		3DF7D5042C21AF0A00C950AD /* AskSubjectView.swift in Sources */ = {isa = PBXBuildFile; fileRef = 3DF7D5032C21AF0A00C950AD /* AskSubjectView.swift */; };
		3DF7D5092C21FC8100C950AD /* AskSubjectViewModel.swift in Sources */ = {isa = PBXBuildFile; fileRef = 3DF7D5082C21FC8100C950AD /* AskSubjectViewModel.swift */; };
		3DF7D50B2C21FCD400C950AD /* AskSubjectModel.swift in Sources */ = {isa = PBXBuildFile; fileRef = 3DF7D50A2C21FCD400C950AD /* AskSubjectModel.swift */; };
		3DF7D50D2C21FE6800C950AD /* AskChoseLanguagesViewController.swift in Sources */ = {isa = PBXBuildFile; fileRef = 3DF7D50C2C21FE6800C950AD /* AskChoseLanguagesViewController.swift */; };
		3DF7D50F2C21FEA900C950AD /* AskChoseLanguagesView.swift in Sources */ = {isa = PBXBuildFile; fileRef = 3DF7D50E2C21FEA900C950AD /* AskChoseLanguagesView.swift */; };
		3DF7D5112C21FFA400C950AD /* AskChoseLanguagesCell.swift in Sources */ = {isa = PBXBuildFile; fileRef = 3DF7D5102C21FFA400C950AD /* AskChoseLanguagesCell.swift */; };
		3DF7D5182C22114900C950AD /* ChatViewController.swift in Sources */ = {isa = PBXBuildFile; fileRef = 3DF7D5172C22114900C950AD /* ChatViewController.swift */; };
		3DF7D51A2C22118B00C950AD /* ChatView.swift in Sources */ = {isa = PBXBuildFile; fileRef = 3DF7D5192C22118B00C950AD /* ChatView.swift */; };
		3DF7D51C2C22251400C950AD /* ChatTableViewCell.swift in Sources */ = {isa = PBXBuildFile; fileRef = 3DF7D51B2C22251400C950AD /* ChatTableViewCell.swift */; };
		3DF7D51E2C2231DF00C950AD /* ChatViewModel.swift in Sources */ = {isa = PBXBuildFile; fileRef = 3DF7D51D2C2231DF00C950AD /* ChatViewModel.swift */; };
		3DF7D5212C235AB300C950AD /* IQKeyboardManagerSwift in Frameworks */ = {isa = PBXBuildFile; productRef = 3DF7D5202C235AB300C950AD /* IQKeyboardManagerSwift */; };
		3DF7D5242C235ABF00C950AD /* ProgressHUD in Frameworks */ = {isa = PBXBuildFile; productRef = 3DF7D5232C235ABF00C950AD /* ProgressHUD */; };
		3DF7D5272C235F3B00C950AD /* Extantion+UIView.swift in Sources */ = {isa = PBXBuildFile; fileRef = 3DF7D5262C235F3B00C950AD /* Extantion+UIView.swift */; };
/* End PBXBuildFile section */

/* Begin PBXFileReference section */
		3D3B84ED2C17CB23002AC3C2 /* LanguagesViewController.swift */ = {isa = PBXFileReference; lastKnownFileType = sourcecode.swift; path = LanguagesViewController.swift; sourceTree = "<group>"; };
		3D3B84F42C186677002AC3C2 /* LanguagesView.swift */ = {isa = PBXFileReference; lastKnownFileType = sourcecode.swift; path = LanguagesView.swift; sourceTree = "<group>"; };
		3D3B84F62C186777002AC3C2 /* LanguagesModel.swift */ = {isa = PBXFileReference; lastKnownFileType = sourcecode.swift; path = LanguagesModel.swift; sourceTree = "<group>"; };
		3D3B84F82C18679F002AC3C2 /* LanguagesViewModel.swift */ = {isa = PBXFileReference; lastKnownFileType = sourcecode.swift; path = LanguagesViewModel.swift; sourceTree = "<group>"; };
		3D3B84FC2C1873AD002AC3C2 /* LanguagesCollectionViewCell.swift */ = {isa = PBXFileReference; lastKnownFileType = sourcecode.swift; path = LanguagesCollectionViewCell.swift; sourceTree = "<group>"; };
		3D3B85022C190905002AC3C2 /* TabbarController.swift */ = {isa = PBXFileReference; lastKnownFileType = sourcecode.swift; path = TabbarController.swift; sourceTree = "<group>"; };
		3D3B85082C1B466B002AC3C2 /* ChatResponseModel.swift */ = {isa = PBXFileReference; lastKnownFileType = sourcecode.swift; path = ChatResponseModel.swift; sourceTree = "<group>"; };
		3D3B850E2C1B4835002AC3C2 /* ChatRequestBody.swift */ = {isa = PBXFileReference; lastKnownFileType = sourcecode.swift; path = ChatRequestBody.swift; sourceTree = "<group>"; };
		3D3B85142C1B48EB002AC3C2 /* NetworkConstants.swift */ = {isa = PBXFileReference; lastKnownFileType = sourcecode.swift; path = NetworkConstants.swift; sourceTree = "<group>"; };
		3D3B85162C1B56D3002AC3C2 /* NetworkService.swift */ = {isa = PBXFileReference; lastKnownFileType = sourcecode.swift; path = NetworkService.swift; sourceTree = "<group>"; };
		3D3B851D2C1B6676002AC3C2 /* TopicsView.swift */ = {isa = PBXFileReference; lastKnownFileType = sourcecode.swift; path = TopicsView.swift; sourceTree = "<group>"; };
		3D3B851F2C1B668F002AC3C2 /* TopicsViewController.swift */ = {isa = PBXFileReference; lastKnownFileType = sourcecode.swift; path = TopicsViewController.swift; sourceTree = "<group>"; };
		3D3B85232C1B6908002AC3C2 /* TopicsViewModel.swift */ = {isa = PBXFileReference; lastKnownFileType = sourcecode.swift; path = TopicsViewModel.swift; sourceTree = "<group>"; };
		3D3B85252C1B691D002AC3C2 /* TopicsModel.swift */ = {isa = PBXFileReference; lastKnownFileType = sourcecode.swift; path = TopicsModel.swift; sourceTree = "<group>"; };
		3D3B85292C1B6D6F002AC3C2 /* TopicsTableViewCell.swift */ = {isa = PBXFileReference; lastKnownFileType = sourcecode.swift; path = TopicsTableViewCell.swift; sourceTree = "<group>"; };
		3D51438F2C11BEE100C9A3F0 /* Math-AI.app */ = {isa = PBXFileReference; explicitFileType = wrapper.application; includeInIndex = 0; path = "Math-AI.app"; sourceTree = BUILT_PRODUCTS_DIR; };
		3D5143922C11BEE100C9A3F0 /* AppDelegate.swift */ = {isa = PBXFileReference; lastKnownFileType = sourcecode.swift; path = AppDelegate.swift; sourceTree = "<group>"; };
		3D5143942C11BEE100C9A3F0 /* SceneDelegate.swift */ = {isa = PBXFileReference; lastKnownFileType = sourcecode.swift; path = SceneDelegate.swift; sourceTree = "<group>"; };
		3D51439B2C11BEE200C9A3F0 /* Assets.xcassets */ = {isa = PBXFileReference; lastKnownFileType = folder.assetcatalog; path = Assets.xcassets; sourceTree = "<group>"; };
		3D51439E2C11BEE200C9A3F0 /* Base */ = {isa = PBXFileReference; lastKnownFileType = file.storyboard; name = Base; path = Base.lproj/LaunchScreen.storyboard; sourceTree = "<group>"; };
		3D5143A02C11BEE200C9A3F0 /* Info.plist */ = {isa = PBXFileReference; lastKnownFileType = text.plist.xml; path = Info.plist; sourceTree = "<group>"; };
		3D5143A62C11C08700C9A3F0 /* CameraViewController.swift */ = {isa = PBXFileReference; lastKnownFileType = sourcecode.swift; path = CameraViewController.swift; sourceTree = "<group>"; };
		3D5143AF2C11C96E00C9A3F0 /* CameraView.swift */ = {isa = PBXFileReference; lastKnownFileType = sourcecode.swift; path = CameraView.swift; sourceTree = "<group>"; };
		3D5143B62C17265D00C9A3F0 /* ScanningView.swift */ = {isa = PBXFileReference; lastKnownFileType = sourcecode.swift; path = ScanningView.swift; sourceTree = "<group>"; };
		3D5143B82C1726C800C9A3F0 /* ScanningViewController.swift */ = {isa = PBXFileReference; lastKnownFileType = sourcecode.swift; path = ScanningViewController.swift; sourceTree = "<group>"; };
		3D5143BA2C173FCD00C9A3F0 /* ScanOptions.swift */ = {isa = PBXFileReference; lastKnownFileType = sourcecode.swift; path = ScanOptions.swift; sourceTree = "<group>"; };
		3D5143BC2C173FE600C9A3F0 /* CameraViewModel.swift */ = {isa = PBXFileReference; lastKnownFileType = sourcecode.swift; path = CameraViewModel.swift; sourceTree = "<group>"; };
		3DF7D4E22C1C493500C950AD /* TableViewHeaderView.swift */ = {isa = PBXFileReference; lastKnownFileType = sourcecode.swift; path = TableViewHeaderView.swift; sourceTree = "<group>"; };
		3DF7D4E62C20593600C950AD /* TableHeaderViewCell.swift */ = {isa = PBXFileReference; lastKnownFileType = sourcecode.swift; path = TableHeaderViewCell.swift; sourceTree = "<group>"; };
		3DF7D4F02C2073A500C950AD /* CoreDataModel.swift */ = {isa = PBXFileReference; lastKnownFileType = sourcecode.swift; path = CoreDataModel.swift; sourceTree = "<group>"; };
		3DF7D4F32C207DC700C950AD /* FavoriteTopicsDataModel.xcdatamodel */ = {isa = PBXFileReference; lastKnownFileType = wrapper.xcdatamodel; path = FavoriteTopicsDataModel.xcdatamodel; sourceTree = "<group>"; };
		3DF7D4F52C207E0C00C950AD /* SubjectTopics+CoreDataClass.swift */ = {isa = PBXFileReference; lastKnownFileType = sourcecode.swift; path = "SubjectTopics+CoreDataClass.swift"; sourceTree = "<group>"; };
		3DF7D4F62C207E0C00C950AD /* SubjectTopics+CoreDataProperties.swift */ = {isa = PBXFileReference; lastKnownFileType = sourcecode.swift; path = "SubjectTopics+CoreDataProperties.swift"; sourceTree = "<group>"; };
		3DF7D5012C21AEBD00C950AD /* AskSubjectViewController.swift */ = {isa = PBXFileReference; lastKnownFileType = sourcecode.swift; path = AskSubjectViewController.swift; sourceTree = "<group>"; };
		3DF7D5032C21AF0A00C950AD /* AskSubjectView.swift */ = {isa = PBXFileReference; lastKnownFileType = sourcecode.swift; path = AskSubjectView.swift; sourceTree = "<group>"; };
		3DF7D5082C21FC8100C950AD /* AskSubjectViewModel.swift */ = {isa = PBXFileReference; lastKnownFileType = sourcecode.swift; path = AskSubjectViewModel.swift; sourceTree = "<group>"; };
		3DF7D50A2C21FCD400C950AD /* AskSubjectModel.swift */ = {isa = PBXFileReference; lastKnownFileType = sourcecode.swift; path = AskSubjectModel.swift; sourceTree = "<group>"; };
		3DF7D50C2C21FE6800C950AD /* AskChoseLanguagesViewController.swift */ = {isa = PBXFileReference; lastKnownFileType = sourcecode.swift; path = AskChoseLanguagesViewController.swift; sourceTree = "<group>"; };
		3DF7D50E2C21FEA900C950AD /* AskChoseLanguagesView.swift */ = {isa = PBXFileReference; lastKnownFileType = sourcecode.swift; path = AskChoseLanguagesView.swift; sourceTree = "<group>"; };
		3DF7D5102C21FFA400C950AD /* AskChoseLanguagesCell.swift */ = {isa = PBXFileReference; lastKnownFileType = sourcecode.swift; path = AskChoseLanguagesCell.swift; sourceTree = "<group>"; };
		3DF7D5172C22114900C950AD /* ChatViewController.swift */ = {isa = PBXFileReference; lastKnownFileType = sourcecode.swift; path = ChatViewController.swift; sourceTree = "<group>"; };
		3DF7D5192C22118B00C950AD /* ChatView.swift */ = {isa = PBXFileReference; lastKnownFileType = sourcecode.swift; path = ChatView.swift; sourceTree = "<group>"; };
		3DF7D51B2C22251400C950AD /* ChatTableViewCell.swift */ = {isa = PBXFileReference; lastKnownFileType = sourcecode.swift; path = ChatTableViewCell.swift; sourceTree = "<group>"; };
		3DF7D51D2C2231DF00C950AD /* ChatViewModel.swift */ = {isa = PBXFileReference; lastKnownFileType = sourcecode.swift; path = ChatViewModel.swift; sourceTree = "<group>"; };
		3DF7D5262C235F3B00C950AD /* Extantion+UIView.swift */ = {isa = PBXFileReference; lastKnownFileType = sourcecode.swift; path = "Extantion+UIView.swift"; sourceTree = "<group>"; };
/* End PBXFileReference section */

/* Begin PBXFrameworksBuildPhase section */
		3D51438C2C11BEE100C9A3F0 /* Frameworks */ = {
			isa = PBXFrameworksBuildPhase;
			buildActionMask = 2147483647;
			files = (
				3D3B85002C18B397002AC3C2 /* CropViewController in Frameworks */,
				3DF7D5242C235ABF00C950AD /* ProgressHUD in Frameworks */,
				3D3B850C2C1B4692002AC3C2 /* Alamofire in Frameworks */,
				3DF7D5212C235AB300C950AD /* IQKeyboardManagerSwift in Frameworks */,
			);
			runOnlyForDeploymentPostprocessing = 0;
		};
/* End PBXFrameworksBuildPhase section */

/* Begin PBXGroup section */
		3D3B84EB2C17CAEB002AC3C2 /* Languages */ = {
			isa = PBXGroup;
			children = (
				3D3B84F12C18659D002AC3C2 /* Model */,
				3D3B84F02C186596002AC3C2 /* ViewModel */,
				3D3B84EF2C186588002AC3C2 /* View */,
				3D3B84EC2C17CB0E002AC3C2 /* ViewController */,
			);
			path = Languages;
			sourceTree = "<group>";
		};
		3D3B84EC2C17CB0E002AC3C2 /* ViewController */ = {
			isa = PBXGroup;
			children = (
				3D3B84ED2C17CB23002AC3C2 /* LanguagesViewController.swift */,
			);
			path = ViewController;
			sourceTree = "<group>";
		};
		3D3B84EF2C186588002AC3C2 /* View */ = {
			isa = PBXGroup;
			children = (
				3D3B84F42C186677002AC3C2 /* LanguagesView.swift */,
				3D3B84FC2C1873AD002AC3C2 /* LanguagesCollectionViewCell.swift */,
			);
			path = View;
			sourceTree = "<group>";
		};
		3D3B84F02C186596002AC3C2 /* ViewModel */ = {
			isa = PBXGroup;
			children = (
				3D3B84F82C18679F002AC3C2 /* LanguagesViewModel.swift */,
			);
			path = ViewModel;
			sourceTree = "<group>";
		};
		3D3B84F12C18659D002AC3C2 /* Model */ = {
			isa = PBXGroup;
			children = (
				3D3B84F62C186777002AC3C2 /* LanguagesModel.swift */,
			);
			path = Model;
			sourceTree = "<group>";
		};
		3D3B85012C1908E6002AC3C2 /* TabbarController */ = {
			isa = PBXGroup;
			children = (
				3D3B85022C190905002AC3C2 /* TabbarController.swift */,
			);
			path = TabbarController;
			sourceTree = "<group>";
		};
		3D3B85042C1B45F1002AC3C2 /* NetworkLayer */ = {
			isa = PBXGroup;
			children = (
				3D3B85112C1B4885002AC3C2 /* Core */,
				3D3B85102C1B4852002AC3C2 /* Service */,
				3D3B850D2C1B480F002AC3C2 /* RequestBody */,
				3D3B85052C1B45FA002AC3C2 /* ChatModel */,
			);
			path = NetworkLayer;
			sourceTree = "<group>";
		};
		3D3B85052C1B45FA002AC3C2 /* ChatModel */ = {
			isa = PBXGroup;
			children = (
				3D3B85082C1B466B002AC3C2 /* ChatResponseModel.swift */,
			);
			path = ChatModel;
			sourceTree = "<group>";
		};
		3D3B850D2C1B480F002AC3C2 /* RequestBody */ = {
			isa = PBXGroup;
			children = (
				3D3B850E2C1B4835002AC3C2 /* ChatRequestBody.swift */,
			);
			path = RequestBody;
			sourceTree = "<group>";
		};
		3D3B85102C1B4852002AC3C2 /* Service */ = {
			isa = PBXGroup;
			children = (
				3D3B85162C1B56D3002AC3C2 /* NetworkService.swift */,
			);
			path = Service;
			sourceTree = "<group>";
		};
		3D3B85112C1B4885002AC3C2 /* Core */ = {
			isa = PBXGroup;
			children = (
				3D3B85122C1B4890002AC3C2 /* Constants */,
			);
			path = Core;
			sourceTree = "<group>";
		};
		3D3B85122C1B4890002AC3C2 /* Constants */ = {
			isa = PBXGroup;
			children = (
				3D3B85142C1B48EB002AC3C2 /* NetworkConstants.swift */,
			);
			path = Constants;
			sourceTree = "<group>";
		};
		3D3B85182C1B6604002AC3C2 /* Topics */ = {
			isa = PBXGroup;
			children = (
				3D3B851C2C1B6625002AC3C2 /* Model */,
				3D3B851B2C1B661E002AC3C2 /* ViewController */,
				3D3B851A2C1B6616002AC3C2 /* ViewModel */,
				3D3B85192C1B6610002AC3C2 /* View */,
			);
			path = Topics;
			sourceTree = "<group>";
		};
		3D3B85192C1B6610002AC3C2 /* View */ = {
			isa = PBXGroup;
			children = (
				3D3B851D2C1B6676002AC3C2 /* TopicsView.swift */,
				3D3B85292C1B6D6F002AC3C2 /* TopicsTableViewCell.swift */,
				3DF7D4E22C1C493500C950AD /* TableViewHeaderView.swift */,
				3DF7D4E62C20593600C950AD /* TableHeaderViewCell.swift */,
			);
			path = View;
			sourceTree = "<group>";
		};
		3D3B851A2C1B6616002AC3C2 /* ViewModel */ = {
			isa = PBXGroup;
			children = (
				3D3B85232C1B6908002AC3C2 /* TopicsViewModel.swift */,
			);
			path = ViewModel;
			sourceTree = "<group>";
		};
		3D3B851B2C1B661E002AC3C2 /* ViewController */ = {
			isa = PBXGroup;
			children = (
				3D3B851F2C1B668F002AC3C2 /* TopicsViewController.swift */,
			);
			path = ViewController;
			sourceTree = "<group>";
		};
		3D3B851C2C1B6625002AC3C2 /* Model */ = {
			isa = PBXGroup;
			children = (
				3D3B85252C1B691D002AC3C2 /* TopicsModel.swift */,
			);
			path = Model;
			sourceTree = "<group>";
		};
		3D5143862C11BEE100C9A3F0 = {
			isa = PBXGroup;
			children = (
				3D5143912C11BEE100C9A3F0 /* Math-AI */,
				3D5143902C11BEE100C9A3F0 /* Products */,
			);
			sourceTree = "<group>";
		};
		3D5143902C11BEE100C9A3F0 /* Products */ = {
			isa = PBXGroup;
			children = (
				3D51438F2C11BEE100C9A3F0 /* Math-AI.app */,
			);
			name = Products;
			sourceTree = "<group>";
		};
		3D5143912C11BEE100C9A3F0 /* Math-AI */ = {
			isa = PBXGroup;
			children = (
				3DF7D5252C235F1200C950AD /* Extantion+UIView */,
				3DF7D4EF2C20738500C950AD /* CoreData */,
				3D3B85042C1B45F1002AC3C2 /* NetworkLayer */,
				3D3B85012C1908E6002AC3C2 /* TabbarController */,
				3D5143A92C11C91700C9A3F0 /* Scenes */,
				3D5143A82C11C91000C9A3F0 /* App */,
			);
			path = "Math-AI";
			sourceTree = "<group>";
		};
		3D5143A82C11C91000C9A3F0 /* App */ = {
			isa = PBXGroup;
			children = (
				3D5143922C11BEE100C9A3F0 /* AppDelegate.swift */,
				3DF7D4F22C207DC700C950AD /* FavoriteTopicsDataModel.xcdatamodeld */,
				3D5143942C11BEE100C9A3F0 /* SceneDelegate.swift */,
				3D51439B2C11BEE200C9A3F0 /* Assets.xcassets */,
				3D51439D2C11BEE200C9A3F0 /* LaunchScreen.storyboard */,
				3D5143A02C11BEE200C9A3F0 /* Info.plist */,
			);
			path = App;
			sourceTree = "<group>";
		};
		3D5143A92C11C91700C9A3F0 /* Scenes */ = {
			isa = PBXGroup;
			children = (
				3DF7D5122C2210F500C950AD /* Chat */,
				3DF7D4FB2C21ADCD00C950AD /* AskSubject */,
				3DF7D4FC2C21ADE100C950AD /* ExplainSubject */,
				3D3B85182C1B6604002AC3C2 /* Topics */,
				3D3B84EB2C17CAEB002AC3C2 /* Languages */,
				3D5143B12C17260A00C9A3F0 /* Scanning */,
				3D5143AA2C11C91E00C9A3F0 /* Camera */,
			);
			path = Scenes;
			sourceTree = "<group>";
		};
		3D5143AA2C11C91E00C9A3F0 /* Camera */ = {
			isa = PBXGroup;
			children = (
				3D5143AE2C11C95E00C9A3F0 /* ViewModel */,
				3D5143AD2C11C95900C9A3F0 /* Model */,
				3D5143AC2C11C95100C9A3F0 /* ViewController */,
				3D5143AB2C11C94C00C9A3F0 /* View */,
			);
			path = Camera;
			sourceTree = "<group>";
		};
		3D5143AB2C11C94C00C9A3F0 /* View */ = {
			isa = PBXGroup;
			children = (
				3D5143AF2C11C96E00C9A3F0 /* CameraView.swift */,
			);
			path = View;
			sourceTree = "<group>";
		};
		3D5143AC2C11C95100C9A3F0 /* ViewController */ = {
			isa = PBXGroup;
			children = (
				3D5143A62C11C08700C9A3F0 /* CameraViewController.swift */,
			);
			path = ViewController;
			sourceTree = "<group>";
		};
		3D5143AD2C11C95900C9A3F0 /* Model */ = {
			isa = PBXGroup;
			children = (
				3D5143BA2C173FCD00C9A3F0 /* ScanOptions.swift */,
			);
			path = Model;
			sourceTree = "<group>";
		};
		3D5143AE2C11C95E00C9A3F0 /* ViewModel */ = {
			isa = PBXGroup;
			children = (
				3D5143BC2C173FE600C9A3F0 /* CameraViewModel.swift */,
			);
			path = ViewModel;
			sourceTree = "<group>";
		};
		3D5143B12C17260A00C9A3F0 /* Scanning */ = {
			isa = PBXGroup;
			children = (
				3D5143B52C17263600C9A3F0 /* Model */,
				3D5143B42C17262F00C9A3F0 /* ViewController */,
				3D5143B32C17262600C9A3F0 /* ViewModel */,
				3D5143B22C17261700C9A3F0 /* View */,
			);
			path = Scanning;
			sourceTree = "<group>";
		};
		3D5143B22C17261700C9A3F0 /* View */ = {
			isa = PBXGroup;
			children = (
				3D5143B62C17265D00C9A3F0 /* ScanningView.swift */,
			);
			path = View;
			sourceTree = "<group>";
		};
		3D5143B32C17262600C9A3F0 /* ViewModel */ = {
			isa = PBXGroup;
			children = (
			);
			path = ViewModel;
			sourceTree = "<group>";
		};
		3D5143B42C17262F00C9A3F0 /* ViewController */ = {
			isa = PBXGroup;
			children = (
				3D5143B82C1726C800C9A3F0 /* ScanningViewController.swift */,
			);
			path = ViewController;
			sourceTree = "<group>";
		};
		3D5143B52C17263600C9A3F0 /* Model */ = {
			isa = PBXGroup;
			children = (
			);
			path = Model;
			sourceTree = "<group>";
		};
		3DF7D4EF2C20738500C950AD /* CoreData */ = {
			isa = PBXGroup;
			children = (
				3DF7D4F52C207E0C00C950AD /* SubjectTopics+CoreDataClass.swift */,
				3DF7D4F62C207E0C00C950AD /* SubjectTopics+CoreDataProperties.swift */,
				3DF7D4F02C2073A500C950AD /* CoreDataModel.swift */,
			);
			path = CoreData;
			sourceTree = "<group>";
		};
		3DF7D4FB2C21ADCD00C950AD /* AskSubject */ = {
			isa = PBXGroup;
			children = (
				3DF7D5002C21AE4200C950AD /* Model */,
				3DF7D4FF2C21AE3C00C950AD /* Controller */,
				3DF7D4FE2C21AE3500C950AD /* ViewModel */,
				3DF7D4FD2C21ADF700C950AD /* View */,
			);
			path = AskSubject;
			sourceTree = "<group>";
		};
		3DF7D4FC2C21ADE100C950AD /* ExplainSubject */ = {
			isa = PBXGroup;
			children = (
			);
			path = ExplainSubject;
			sourceTree = "<group>";
		};
		3DF7D4FD2C21ADF700C950AD /* View */ = {
			isa = PBXGroup;
			children = (
				3DF7D50E2C21FEA900C950AD /* AskChoseLanguagesView.swift */,
				3DF7D5032C21AF0A00C950AD /* AskSubjectView.swift */,
				3DF7D5102C21FFA400C950AD /* AskChoseLanguagesCell.swift */,
			);
			path = View;
			sourceTree = "<group>";
		};
		3DF7D4FE2C21AE3500C950AD /* ViewModel */ = {
			isa = PBXGroup;
			children = (
				3DF7D5082C21FC8100C950AD /* AskSubjectViewModel.swift */,
			);
			path = ViewModel;
			sourceTree = "<group>";
		};
		3DF7D4FF2C21AE3C00C950AD /* Controller */ = {
			isa = PBXGroup;
			children = (
				3DF7D5012C21AEBD00C950AD /* AskSubjectViewController.swift */,
				3DF7D50C2C21FE6800C950AD /* AskChoseLanguagesViewController.swift */,
			);
			path = Controller;
			sourceTree = "<group>";
		};
		3DF7D5002C21AE4200C950AD /* Model */ = {
			isa = PBXGroup;
			children = (
				3DF7D50A2C21FCD400C950AD /* AskSubjectModel.swift */,
			);
			path = Model;
			sourceTree = "<group>";
		};
		3DF7D5122C2210F500C950AD /* Chat */ = {
			isa = PBXGroup;
			children = (
				3DF7D5162C22113100C950AD /* ChatModel */,
				3DF7D5152C22112500C950AD /* ChatViewModel */,
				3DF7D5142C22111400C950AD /* ViewController */,
				3DF7D5132C22110100C950AD /* ChatView */,
			);
			path = Chat;
			sourceTree = "<group>";
		};
		3DF7D5132C22110100C950AD /* ChatView */ = {
			isa = PBXGroup;
			children = (
				3DF7D5192C22118B00C950AD /* ChatView.swift */,
				3DF7D51B2C22251400C950AD /* ChatTableViewCell.swift */,
			);
			path = ChatView;
			sourceTree = "<group>";
		};
		3DF7D5142C22111400C950AD /* ViewController */ = {
			isa = PBXGroup;
			children = (
				3DF7D5172C22114900C950AD /* ChatViewController.swift */,
			);
			path = ViewController;
			sourceTree = "<group>";
		};
		3DF7D5152C22112500C950AD /* ChatViewModel */ = {
			isa = PBXGroup;
			children = (
				3DF7D51D2C2231DF00C950AD /* ChatViewModel.swift */,
			);
			path = ChatViewModel;
			sourceTree = "<group>";
		};
		3DF7D5162C22113100C950AD /* ChatModel */ = {
			isa = PBXGroup;
			children = (
			);
			path = ChatModel;
			sourceTree = "<group>";
		};
		3DF7D5252C235F1200C950AD /* Extantion+UIView */ = {
			isa = PBXGroup;
			children = (
				3DF7D5262C235F3B00C950AD /* Extantion+UIView.swift */,
			);
			path = "Extantion+UIView";
			sourceTree = "<group>";
		};
/* End PBXGroup section */

/* Begin PBXNativeTarget section */
		3D51438E2C11BEE100C9A3F0 /* Math-AI */ = {
			isa = PBXNativeTarget;
			buildConfigurationList = 3D5143A32C11BEE200C9A3F0 /* Build configuration list for PBXNativeTarget "Math-AI" */;
			buildPhases = (
				3D51438B2C11BEE100C9A3F0 /* Sources */,
				3D51438C2C11BEE100C9A3F0 /* Frameworks */,
				3D51438D2C11BEE100C9A3F0 /* Resources */,
			);
			buildRules = (
			);
			dependencies = (
			);
			name = "Math-AI";
			packageProductDependencies = (
				3D3B84FF2C18B397002AC3C2 /* CropViewController */,
				3D3B850B2C1B4692002AC3C2 /* Alamofire */,
				3DF7D5202C235AB300C950AD /* IQKeyboardManagerSwift */,
				3DF7D5232C235ABF00C950AD /* ProgressHUD */,
			);
			productName = "Math-AI";
			productReference = 3D51438F2C11BEE100C9A3F0 /* Math-AI.app */;
			productType = "com.apple.product-type.application";
		};
/* End PBXNativeTarget section */

/* Begin PBXProject section */
		3D5143872C11BEE100C9A3F0 /* Project object */ = {
			isa = PBXProject;
			attributes = {
				BuildIndependentTargetsInParallel = 1;
				LastSwiftUpdateCheck = 1500;
				LastUpgradeCheck = 1500;
				TargetAttributes = {
					3D51438E2C11BEE100C9A3F0 = {
						CreatedOnToolsVersion = 15.0.1;
					};
				};
			};
			buildConfigurationList = 3D51438A2C11BEE100C9A3F0 /* Build configuration list for PBXProject "Math-AI" */;
			compatibilityVersion = "Xcode 14.0";
			developmentRegion = en;
			hasScannedForEncodings = 0;
			knownRegions = (
				en,
				Base,
			);
			mainGroup = 3D5143862C11BEE100C9A3F0;
			packageReferences = (
				3D3B84FE2C18B397002AC3C2 /* XCRemoteSwiftPackageReference "TOCropViewController" */,
				3D3B850A2C1B4692002AC3C2 /* XCRemoteSwiftPackageReference "Alamofire" */,
				3DF7D51F2C235AB200C950AD /* XCRemoteSwiftPackageReference "IQKeyboardManager" */,
				3DF7D5222C235ABF00C950AD /* XCRemoteSwiftPackageReference "ProgressHUD" */,
			);
			productRefGroup = 3D5143902C11BEE100C9A3F0 /* Products */;
			projectDirPath = "";
			projectRoot = "";
			targets = (
				3D51438E2C11BEE100C9A3F0 /* Math-AI */,
			);
		};
/* End PBXProject section */

/* Begin PBXResourcesBuildPhase section */
		3D51438D2C11BEE100C9A3F0 /* Resources */ = {
			isa = PBXResourcesBuildPhase;
			buildActionMask = 2147483647;
			files = (
				3D51439F2C11BEE200C9A3F0 /* LaunchScreen.storyboard in Resources */,
				3D51439C2C11BEE200C9A3F0 /* Assets.xcassets in Resources */,
			);
			runOnlyForDeploymentPostprocessing = 0;
		};
/* End PBXResourcesBuildPhase section */

/* Begin PBXSourcesBuildPhase section */
		3D51438B2C11BEE100C9A3F0 /* Sources */ = {
			isa = PBXSourcesBuildPhase;
			buildActionMask = 2147483647;
			files = (
				3D5143B72C17265D00C9A3F0 /* ScanningView.swift in Sources */,
				3DF7D4E72C20593600C950AD /* TableHeaderViewCell.swift in Sources */,
				3DF7D5182C22114900C950AD /* ChatViewController.swift in Sources */,
				3DF7D50B2C21FCD400C950AD /* AskSubjectModel.swift in Sources */,
				3DF7D50F2C21FEA900C950AD /* AskChoseLanguagesView.swift in Sources */,
				3D5143B92C1726C800C9A3F0 /* ScanningViewController.swift in Sources */,
				3D3B84F72C186777002AC3C2 /* LanguagesModel.swift in Sources */,
				3D5143BB2C173FCD00C9A3F0 /* ScanOptions.swift in Sources */,
				3D3B85172C1B56D3002AC3C2 /* NetworkService.swift in Sources */,
				3D3B85262C1B691D002AC3C2 /* TopicsModel.swift in Sources */,
				3D3B851E2C1B6676002AC3C2 /* TopicsView.swift in Sources */,
				3D5143932C11BEE100C9A3F0 /* AppDelegate.swift in Sources */,
				3DF7D51E2C2231DF00C950AD /* ChatViewModel.swift in Sources */,
				3D5143952C11BEE100C9A3F0 /* SceneDelegate.swift in Sources */,
				3D3B85092C1B466B002AC3C2 /* ChatResponseModel.swift in Sources */,
				3D3B850F2C1B4835002AC3C2 /* ChatRequestBody.swift in Sources */,
				3D5143BD2C173FE600C9A3F0 /* CameraViewModel.swift in Sources */,
				3D3B85242C1B6908002AC3C2 /* TopicsViewModel.swift in Sources */,
				3DF7D5042C21AF0A00C950AD /* AskSubjectView.swift in Sources */,
				3DF7D4F72C207E0C00C950AD /* SubjectTopics+CoreDataClass.swift in Sources */,
				3D5143A72C11C08700C9A3F0 /* CameraViewController.swift in Sources */,
				3D5143B02C11C96E00C9A3F0 /* CameraView.swift in Sources */,
				3DF7D4F12C2073A500C950AD /* CoreDataModel.swift in Sources */,
				3D3B84FD2C1873AD002AC3C2 /* LanguagesCollectionViewCell.swift in Sources */,
				3DF7D5112C21FFA400C950AD /* AskChoseLanguagesCell.swift in Sources */,
				3D3B84F52C186677002AC3C2 /* LanguagesView.swift in Sources */,
				3DF7D5092C21FC8100C950AD /* AskSubjectViewModel.swift in Sources */,
				3D3B84F92C18679F002AC3C2 /* LanguagesViewModel.swift in Sources */,
				3DF7D51C2C22251400C950AD /* ChatTableViewCell.swift in Sources */,
				3DF7D5022C21AEBD00C950AD /* AskSubjectViewController.swift in Sources */,
				3DF7D50D2C21FE6800C950AD /* AskChoseLanguagesViewController.swift in Sources */,
				3DF7D4F82C207E0C00C950AD /* SubjectTopics+CoreDataProperties.swift in Sources */,
				3D3B852A2C1B6D6F002AC3C2 /* TopicsTableViewCell.swift in Sources */,
				3DF7D4E32C1C493500C950AD /* TableViewHeaderView.swift in Sources */,
				3D3B84EE2C17CB23002AC3C2 /* LanguagesViewController.swift in Sources */,
				3DF7D4F42C207DC700C950AD /* FavoriteTopicsDataModel.xcdatamodeld in Sources */,
				3D3B85152C1B48EB002AC3C2 /* NetworkConstants.swift in Sources */,
				3DF7D5272C235F3B00C950AD /* Extantion+UIView.swift in Sources */,
				3D3B85202C1B668F002AC3C2 /* TopicsViewController.swift in Sources */,
				3DF7D51A2C22118B00C950AD /* ChatView.swift in Sources */,
				3D3B85032C190905002AC3C2 /* TabbarController.swift in Sources */,
			);
			runOnlyForDeploymentPostprocessing = 0;
		};
/* End PBXSourcesBuildPhase section */

/* Begin PBXVariantGroup section */
		3D51439D2C11BEE200C9A3F0 /* LaunchScreen.storyboard */ = {
			isa = PBXVariantGroup;
			children = (
				3D51439E2C11BEE200C9A3F0 /* Base */,
			);
			name = LaunchScreen.storyboard;
			sourceTree = "<group>";
		};
/* End PBXVariantGroup section */

/* Begin XCBuildConfiguration section */
		3D5143A12C11BEE200C9A3F0 /* Debug */ = {
			isa = XCBuildConfiguration;
			buildSettings = {
				ALWAYS_SEARCH_USER_PATHS = NO;
				ASSETCATALOG_COMPILER_GENERATE_SWIFT_ASSET_SYMBOL_EXTENSIONS = YES;
				CLANG_ANALYZER_NONNULL = YES;
				CLANG_ANALYZER_NUMBER_OBJECT_CONVERSION = YES_AGGRESSIVE;
				CLANG_CXX_LANGUAGE_STANDARD = "gnu++20";
				CLANG_ENABLE_MODULES = YES;
				CLANG_ENABLE_OBJC_ARC = YES;
				CLANG_ENABLE_OBJC_WEAK = YES;
				CLANG_WARN_BLOCK_CAPTURE_AUTORELEASING = YES;
				CLANG_WARN_BOOL_CONVERSION = YES;
				CLANG_WARN_COMMA = YES;
				CLANG_WARN_CONSTANT_CONVERSION = YES;
				CLANG_WARN_DEPRECATED_OBJC_IMPLEMENTATIONS = YES;
				CLANG_WARN_DIRECT_OBJC_ISA_USAGE = YES_ERROR;
				CLANG_WARN_DOCUMENTATION_COMMENTS = YES;
				CLANG_WARN_EMPTY_BODY = YES;
				CLANG_WARN_ENUM_CONVERSION = YES;
				CLANG_WARN_INFINITE_RECURSION = YES;
				CLANG_WARN_INT_CONVERSION = YES;
				CLANG_WARN_NON_LITERAL_NULL_CONVERSION = YES;
				CLANG_WARN_OBJC_IMPLICIT_RETAIN_SELF = YES;
				CLANG_WARN_OBJC_LITERAL_CONVERSION = YES;
				CLANG_WARN_OBJC_ROOT_CLASS = YES_ERROR;
				CLANG_WARN_QUOTED_INCLUDE_IN_FRAMEWORK_HEADER = YES;
				CLANG_WARN_RANGE_LOOP_ANALYSIS = YES;
				CLANG_WARN_STRICT_PROTOTYPES = YES;
				CLANG_WARN_SUSPICIOUS_MOVE = YES;
				CLANG_WARN_UNGUARDED_AVAILABILITY = YES_AGGRESSIVE;
				CLANG_WARN_UNREACHABLE_CODE = YES;
				CLANG_WARN__DUPLICATE_METHOD_MATCH = YES;
				COPY_PHASE_STRIP = NO;
				DEBUG_INFORMATION_FORMAT = dwarf;
				ENABLE_STRICT_OBJC_MSGSEND = YES;
				ENABLE_TESTABILITY = YES;
				ENABLE_USER_SCRIPT_SANDBOXING = YES;
				GCC_C_LANGUAGE_STANDARD = gnu17;
				GCC_DYNAMIC_NO_PIC = NO;
				GCC_NO_COMMON_BLOCKS = YES;
				GCC_OPTIMIZATION_LEVEL = 0;
				GCC_PREPROCESSOR_DEFINITIONS = (
					"DEBUG=1",
					"$(inherited)",
				);
				GCC_WARN_64_TO_32_BIT_CONVERSION = YES;
				GCC_WARN_ABOUT_RETURN_TYPE = YES_ERROR;
				GCC_WARN_UNDECLARED_SELECTOR = YES;
				GCC_WARN_UNINITIALIZED_AUTOS = YES_AGGRESSIVE;
				GCC_WARN_UNUSED_FUNCTION = YES;
				GCC_WARN_UNUSED_VARIABLE = YES;
				IPHONEOS_DEPLOYMENT_TARGET = 17.0;
				LOCALIZATION_PREFERS_STRING_CATALOGS = YES;
				MTL_ENABLE_DEBUG_INFO = INCLUDE_SOURCE;
				MTL_FAST_MATH = YES;
				ONLY_ACTIVE_ARCH = YES;
				SDKROOT = iphoneos;
				SWIFT_ACTIVE_COMPILATION_CONDITIONS = "DEBUG $(inherited)";
				SWIFT_OPTIMIZATION_LEVEL = "-Onone";
			};
			name = Debug;
		};
		3D5143A22C11BEE200C9A3F0 /* Release */ = {
			isa = XCBuildConfiguration;
			buildSettings = {
				ALWAYS_SEARCH_USER_PATHS = NO;
				ASSETCATALOG_COMPILER_GENERATE_SWIFT_ASSET_SYMBOL_EXTENSIONS = YES;
				CLANG_ANALYZER_NONNULL = YES;
				CLANG_ANALYZER_NUMBER_OBJECT_CONVERSION = YES_AGGRESSIVE;
				CLANG_CXX_LANGUAGE_STANDARD = "gnu++20";
				CLANG_ENABLE_MODULES = YES;
				CLANG_ENABLE_OBJC_ARC = YES;
				CLANG_ENABLE_OBJC_WEAK = YES;
				CLANG_WARN_BLOCK_CAPTURE_AUTORELEASING = YES;
				CLANG_WARN_BOOL_CONVERSION = YES;
				CLANG_WARN_COMMA = YES;
				CLANG_WARN_CONSTANT_CONVERSION = YES;
				CLANG_WARN_DEPRECATED_OBJC_IMPLEMENTATIONS = YES;
				CLANG_WARN_DIRECT_OBJC_ISA_USAGE = YES_ERROR;
				CLANG_WARN_DOCUMENTATION_COMMENTS = YES;
				CLANG_WARN_EMPTY_BODY = YES;
				CLANG_WARN_ENUM_CONVERSION = YES;
				CLANG_WARN_INFINITE_RECURSION = YES;
				CLANG_WARN_INT_CONVERSION = YES;
				CLANG_WARN_NON_LITERAL_NULL_CONVERSION = YES;
				CLANG_WARN_OBJC_IMPLICIT_RETAIN_SELF = YES;
				CLANG_WARN_OBJC_LITERAL_CONVERSION = YES;
				CLANG_WARN_OBJC_ROOT_CLASS = YES_ERROR;
				CLANG_WARN_QUOTED_INCLUDE_IN_FRAMEWORK_HEADER = YES;
				CLANG_WARN_RANGE_LOOP_ANALYSIS = YES;
				CLANG_WARN_STRICT_PROTOTYPES = YES;
				CLANG_WARN_SUSPICIOUS_MOVE = YES;
				CLANG_WARN_UNGUARDED_AVAILABILITY = YES_AGGRESSIVE;
				CLANG_WARN_UNREACHABLE_CODE = YES;
				CLANG_WARN__DUPLICATE_METHOD_MATCH = YES;
				COPY_PHASE_STRIP = NO;
				DEBUG_INFORMATION_FORMAT = "dwarf-with-dsym";
				ENABLE_NS_ASSERTIONS = NO;
				ENABLE_STRICT_OBJC_MSGSEND = YES;
				ENABLE_USER_SCRIPT_SANDBOXING = YES;
				GCC_C_LANGUAGE_STANDARD = gnu17;
				GCC_NO_COMMON_BLOCKS = YES;
				GCC_WARN_64_TO_32_BIT_CONVERSION = YES;
				GCC_WARN_ABOUT_RETURN_TYPE = YES_ERROR;
				GCC_WARN_UNDECLARED_SELECTOR = YES;
				GCC_WARN_UNINITIALIZED_AUTOS = YES_AGGRESSIVE;
				GCC_WARN_UNUSED_FUNCTION = YES;
				GCC_WARN_UNUSED_VARIABLE = YES;
				IPHONEOS_DEPLOYMENT_TARGET = 17.0;
				LOCALIZATION_PREFERS_STRING_CATALOGS = YES;
				MTL_ENABLE_DEBUG_INFO = NO;
				MTL_FAST_MATH = YES;
				SDKROOT = iphoneos;
				SWIFT_COMPILATION_MODE = wholemodule;
				VALIDATE_PRODUCT = YES;
			};
			name = Release;
		};
		3D5143A42C11BEE200C9A3F0 /* Debug */ = {
			isa = XCBuildConfiguration;
			buildSettings = {
				ASSETCATALOG_COMPILER_APPICON_NAME = AppIcon;
				ASSETCATALOG_COMPILER_GLOBAL_ACCENT_COLOR_NAME = AccentColor;
				CODE_SIGN_STYLE = Automatic;
				CURRENT_PROJECT_VERSION = 1;
				DEVELOPMENT_TEAM = 628PNWMZP5;
				GENERATE_INFOPLIST_FILE = YES;
				INFOPLIST_FILE = "Math-AI/App/Info.plist";
				INFOPLIST_KEY_UIApplicationSupportsIndirectInputEvents = YES;
				INFOPLIST_KEY_UILaunchStoryboardName = LaunchScreen;
				INFOPLIST_KEY_UISupportedInterfaceOrientations_iPad = "UIInterfaceOrientationPortrait UIInterfaceOrientationPortraitUpsideDown UIInterfaceOrientationLandscapeLeft UIInterfaceOrientationLandscapeRight";
				INFOPLIST_KEY_UISupportedInterfaceOrientations_iPhone = "UIInterfaceOrientationPortrait UIInterfaceOrientationLandscapeLeft UIInterfaceOrientationLandscapeRight";
				IPHONEOS_DEPLOYMENT_TARGET = 15.0;
				LD_RUNPATH_SEARCH_PATHS = (
					"$(inherited)",
					"@executable_path/Frameworks",
				);
				MARKETING_VERSION = 1.0;
				PRODUCT_BUNDLE_IDENTIFIER = "com.alkanfatih.Math-AI";
				PRODUCT_NAME = "$(TARGET_NAME)";
				SWIFT_EMIT_LOC_STRINGS = YES;
				SWIFT_VERSION = 5.0;
				TARGETED_DEVICE_FAMILY = "1,2";
			};
			name = Debug;
		};
		3D5143A52C11BEE200C9A3F0 /* Release */ = {
			isa = XCBuildConfiguration;
			buildSettings = {
				ASSETCATALOG_COMPILER_APPICON_NAME = AppIcon;
				ASSETCATALOG_COMPILER_GLOBAL_ACCENT_COLOR_NAME = AccentColor;
				CODE_SIGN_STYLE = Automatic;
				CURRENT_PROJECT_VERSION = 1;
				DEVELOPMENT_TEAM = 628PNWMZP5;
				GENERATE_INFOPLIST_FILE = YES;
				INFOPLIST_FILE = "Math-AI/App/Info.plist";
				INFOPLIST_KEY_UIApplicationSupportsIndirectInputEvents = YES;
				INFOPLIST_KEY_UILaunchStoryboardName = LaunchScreen;
				INFOPLIST_KEY_UISupportedInterfaceOrientations_iPad = "UIInterfaceOrientationPortrait UIInterfaceOrientationPortraitUpsideDown UIInterfaceOrientationLandscapeLeft UIInterfaceOrientationLandscapeRight";
				INFOPLIST_KEY_UISupportedInterfaceOrientations_iPhone = "UIInterfaceOrientationPortrait UIInterfaceOrientationLandscapeLeft UIInterfaceOrientationLandscapeRight";
				IPHONEOS_DEPLOYMENT_TARGET = 15.0;
				LD_RUNPATH_SEARCH_PATHS = (
					"$(inherited)",
					"@executable_path/Frameworks",
				);
				MARKETING_VERSION = 1.0;
				PRODUCT_BUNDLE_IDENTIFIER = "com.alkanfatih.Math-AI";
				PRODUCT_NAME = "$(TARGET_NAME)";
				SWIFT_EMIT_LOC_STRINGS = YES;
				SWIFT_VERSION = 5.0;
				TARGETED_DEVICE_FAMILY = "1,2";
			};
			name = Release;
		};
/* End XCBuildConfiguration section */

/* Begin XCConfigurationList section */
		3D51438A2C11BEE100C9A3F0 /* Build configuration list for PBXProject "Math-AI" */ = {
			isa = XCConfigurationList;
			buildConfigurations = (
				3D5143A12C11BEE200C9A3F0 /* Debug */,
				3D5143A22C11BEE200C9A3F0 /* Release */,
			);
			defaultConfigurationIsVisible = 0;
			defaultConfigurationName = Release;
		};
		3D5143A32C11BEE200C9A3F0 /* Build configuration list for PBXNativeTarget "Math-AI" */ = {
			isa = XCConfigurationList;
			buildConfigurations = (
				3D5143A42C11BEE200C9A3F0 /* Debug */,
				3D5143A52C11BEE200C9A3F0 /* Release */,
			);
			defaultConfigurationIsVisible = 0;
			defaultConfigurationName = Release;
		};
/* End XCConfigurationList section */

/* Begin XCRemoteSwiftPackageReference section */
		3D3B84FE2C18B397002AC3C2 /* XCRemoteSwiftPackageReference "TOCropViewController" */ = {
			isa = XCRemoteSwiftPackageReference;
			repositoryURL = "https://github.com/TimOliver/TOCropViewController.git";
			requirement = {
				kind = upToNextMajorVersion;
				minimumVersion = 2.7.4;
			};
		};
		3D3B850A2C1B4692002AC3C2 /* XCRemoteSwiftPackageReference "Alamofire" */ = {
			isa = XCRemoteSwiftPackageReference;
			repositoryURL = "https://github.com/Alamofire/Alamofire";
			requirement = {
				kind = upToNextMajorVersion;
				minimumVersion = 5.9.1;
			};
		};
		3DF7D51F2C235AB200C950AD /* XCRemoteSwiftPackageReference "IQKeyboardManager" */ = {
			isa = XCRemoteSwiftPackageReference;
			repositoryURL = "https://github.com/hackiftekhar/IQKeyboardManager.git";
			requirement = {
				kind = upToNextMajorVersion;
				minimumVersion = 7.0.3;
			};
		};
		3DF7D5222C235ABF00C950AD /* XCRemoteSwiftPackageReference "ProgressHUD" */ = {
			isa = XCRemoteSwiftPackageReference;
			repositoryURL = "https://github.com/relatedcode/ProgressHUD.git";
			requirement = {
				kind = upToNextMajorVersion;
				minimumVersion = 14.1.3;
			};
		};
/* End XCRemoteSwiftPackageReference section */

/* Begin XCSwiftPackageProductDependency section */
		3D3B84FF2C18B397002AC3C2 /* CropViewController */ = {
			isa = XCSwiftPackageProductDependency;
			package = 3D3B84FE2C18B397002AC3C2 /* XCRemoteSwiftPackageReference "TOCropViewController" */;
			productName = CropViewController;
		};
		3D3B850B2C1B4692002AC3C2 /* Alamofire */ = {
			isa = XCSwiftPackageProductDependency;
			package = 3D3B850A2C1B4692002AC3C2 /* XCRemoteSwiftPackageReference "Alamofire" */;
			productName = Alamofire;
		};
		3DF7D5202C235AB300C950AD /* IQKeyboardManagerSwift */ = {
			isa = XCSwiftPackageProductDependency;
			package = 3DF7D51F2C235AB200C950AD /* XCRemoteSwiftPackageReference "IQKeyboardManager" */;
			productName = IQKeyboardManagerSwift;
		};
		3DF7D5232C235ABF00C950AD /* ProgressHUD */ = {
			isa = XCSwiftPackageProductDependency;
			package = 3DF7D5222C235ABF00C950AD /* XCRemoteSwiftPackageReference "ProgressHUD" */;
			productName = ProgressHUD;
		};
/* End XCSwiftPackageProductDependency section */

/* Begin XCVersionGroup section */
		3DF7D4F22C207DC700C950AD /* FavoriteTopicsDataModel.xcdatamodeld */ = {
			isa = XCVersionGroup;
			children = (
				3DF7D4F32C207DC700C950AD /* FavoriteTopicsDataModel.xcdatamodel */,
			);
			currentVersion = 3DF7D4F32C207DC700C950AD /* FavoriteTopicsDataModel.xcdatamodel */;
			path = FavoriteTopicsDataModel.xcdatamodeld;
			sourceTree = "<group>";
			versionGroupType = wrapper.xcdatamodel;
		};
/* End XCVersionGroup section */
	};
	rootObject = 3D5143872C11BEE100C9A3F0 /* Project object */;
}
